
Microsoft Visual Studio Solution File, Format Version 12.00
# Visual Studio Version 17
VisualStudioVersion = 17.3.32901.215
MinimumVisualStudioVersion = 10.0.40219.1
Project("{FAE04EC0-301F-11D3-BF4B-00C04F79EFBC}") = "veri türleri örnekleri1", "veri türleri örnekleri1\veri türleri örnekleri1.csproj", "{A9BA66A0-0E7E-472D-8781-AD23835282E3}"
EndProject
Global
	GlobalSection(SolutionConfigurationPlatforms) = preSolution
		Debug|Any CPU = Debug|Any CPU
		Release|Any CPU = Release|Any CPU
	EndGlobalSection
	GlobalSection(ProjectConfigurationPlatforms) = postSolution
		{A9BA66A0-0E7E-472D-8781-AD23835282E3}.Debug|Any CPU.ActiveCfg = Debug|Any CPU
		{A9BA66A0-0E7E-472D-8781-AD23835282E3}.Debug|Any CPU.Build.0 = Debug|Any CPU
		{A9BA66A0-0E7E-472D-8781-AD23835282E3}.Release|Any CPU.ActiveCfg = Release|Any CPU
		{A9BA66A0-0E7E-472D-8781-AD23835282E3}.Release|Any CPU.Build.0 = Release|Any CPU
	EndGlobalSection
	GlobalSection(SolutionProperties) = preSolution
		HideSolutionNode = FALSE
	EndGlobalSection
	GlobalSection(ExtensibilityGlobals) = postSolution
		SolutionGuid = {F80FD318-3354-45FA-B5E6-41A1C9B1DDDF}
	EndGlobalSection
EndGlobal
